Microsoft Visual Studio Solution File, Format Version 12.00
# Visual Studio Version 17
VisualStudioVersion = 17.5.2.0
MinimumVisualStudioVersion = 10.0.40219.1
Project("{FAE04EC0-301F-11D3-BF4B-00C04F79EFBC}") = "Andromeda.API", "Andromeda.API.csproj", "{2E1F3770-9DCC-0804-6FCD-63F41FBC185C}"
EndProject
Global
	GlobalSection(SolutionConfigurationPlatforms) = preSolution
		Debug|Any CPU = Debug|Any CPU
		Release|Any CPU = Release|Any CPU
	EndGlobalSection
	GlobalSection(ProjectConfigurationPlatforms) = postSolution
		{2E1F3770-9DCC-0804-6FCD-63F41FBC185C}.Debug|Any CPU.ActiveCfg = Debug|Any CPU
		{2E1F3770-9DCC-0804-6FCD-63F41FBC185C}.Debug|Any CPU.Build.0 = Debug|Any CPU
		{2E1F3770-9DCC-0804-6FCD-63F41FBC185C}.Release|Any CPU.ActiveCfg = Release|Any CPU
		{2E1F3770-9DCC-0804-6FCD-63F41FBC185C}.Release|Any CPU.Build.0 = Release|Any CPU
	EndGlobalSection
	GlobalSection(SolutionProperties) = preSolution
		HideSolutionNode = FALSE
	EndGlobalSection
	GlobalSection(ExtensibilityGlobals) = postSolution
		SolutionGuid = {2F4DA970-7427-4F20-9D7A-894832CBA581}
	EndGlobalSection
EndGlobal
